
Microsoft Visual Studio Solution File, Format Version 12.00
# Visual Studio Version 17
VisualStudioVersion = 17.8.34316.72
MinimumVisualStudioVersion = 10.0.40219.1
Project("{9A19103F-16F7-4668-BE54-9A1E7A4F7556}") = "TaskManager.Api", "TaskManager.Api\TaskManager.Api.csproj", "{2893DC19-901C-4F3C-84B1-34E553928583}"
EndProject
Project("{9A19103F-16F7-4668-BE54-9A1E7A4F7556}") = "TaskManager.DAL", "TaskManager\TaskManager.DAL.csproj", "{0FEE601F-0D49-4B86-9496-2EBDAECE8A37}"
EndProject
Project("{9A19103F-16F7-4668-BE54-9A1E7A4F7556}") = "TaskManager.Api.Tests", "TaskManager.Api.Tests\TaskManager.Api.Tests.csproj", "{F2805DBC-3F34-4544-AD6C-0A02601297F2}"
EndProject
Project("{FAE04EC0-301F-11D3-BF4B-00C04F79EFBC}") = "TaskManager.Contracts", "TaskManager.Contracts\TaskManager.Contracts.csproj", "{BBBFB189-4B6D-40F0-AFCF-D8DC8B37D9CE}"
EndProject
Project("{FAE04EC0-301F-11D3-BF4B-00C04F79EFBC}") = "TaskManager.BL", "TaskManager.BL\TaskManager.BL.csproj", "{0E18497E-9A1C-47E4-B8FC-AFE43B3BDE19}"
EndProject
Global
	GlobalSection(SolutionConfigurationPlatforms) = preSolution
		Debug|Any CPU = Debug|Any CPU
		Release|Any CPU = Release|Any CPU
	EndGlobalSection
	GlobalSection(ProjectConfigurationPlatforms) = postSolution
		{2893DC19-901C-4F3C-84B1-34E553928583}.Debug|Any CPU.ActiveCfg = Debug|Any CPU
		{2893DC19-901C-4F3C-84B1-34E553928583}.Debug|Any CPU.Build.0 = Debug|Any CPU
		{2893DC19-901C-4F3C-84B1-34E553928583}.Release|Any CPU.ActiveCfg = Release|Any CPU
		{2893DC19-901C-4F3C-84B1-34E553928583}.Release|Any CPU.Build.0 = Release|Any CPU
		{0FEE601F-0D49-4B86-9496-2EBDAECE8A37}.Debug|Any CPU.ActiveCfg = Debug|Any CPU
		{0FEE601F-0D49-4B86-9496-2EBDAECE8A37}.Debug|Any CPU.Build.0 = Debug|Any CPU
		{0FEE601F-0D49-4B86-9496-2EBDAECE8A37}.Release|Any CPU.ActiveCfg = Release|Any CPU
		{0FEE601F-0D49-4B86-9496-2EBDAECE8A37}.Release|Any CPU.Build.0 = Release|Any CPU
		{F2805DBC-3F34-4544-AD6C-0A02601297F2}.Debug|Any CPU.ActiveCfg = Debug|Any CPU
		{F2805DBC-3F34-4544-AD6C-0A02601297F2}.Debug|Any CPU.Build.0 = Debug|Any CPU
		{F2805DBC-3F34-4544-AD6C-0A02601297F2}.Release|Any CPU.ActiveCfg = Release|Any CPU
		{F2805DBC-3F34-4544-AD6C-0A02601297F2}.Release|Any CPU.Build.0 = Release|Any CPU
		{BBBFB189-4B6D-40F0-AFCF-D8DC8B37D9CE}.Debug|Any CPU.ActiveCfg = Debug|Any CPU
		{BBBFB189-4B6D-40F0-AFCF-D8DC8B37D9CE}.Debug|Any CPU.Build.0 = Debug|Any CPU
		{BBBFB189-4B6D-40F0-AFCF-D8DC8B37D9CE}.Release|Any CPU.ActiveCfg = Release|Any CPU
		{BBBFB189-4B6D-40F0-AFCF-D8DC8B37D9CE}.Release|Any CPU.Build.0 = Release|Any CPU
		{0E18497E-9A1C-47E4-B8FC-AFE43B3BDE19}.Debug|Any CPU.ActiveCfg = Debug|Any CPU
		{0E18497E-9A1C-47E4-B8FC-AFE43B3BDE19}.Debug|Any CPU.Build.0 = Debug|Any CPU
		{0E18497E-9A1C-47E4-B8FC-AFE43B3BDE19}.Release|Any CPU.ActiveCfg = Release|Any CPU
		{0E18497E-9A1C-47E4-B8FC-AFE43B3BDE19}.Release|Any CPU.Build.0 = Release|Any CPU
	EndGlobalSection
	GlobalSection(SolutionProperties) = preSolution
		HideSolutionNode = FALSE
	EndGlobalSection
	GlobalSection(ExtensibilityGlobals) = postSolution
		SolutionGuid = {6192F525-6E90-491A-8FC6-C5F4543D0F1C}
	EndGlobalSection
EndGlobal
